
Microsoft Visual Studio Solution File, Format Version 12.00
# Visual Studio 15
VisualStudioVersion = 15.0.27428.2015
MinimumVisualStudioVersion = 10.0.40219.1
Project("{FAE04EC0-301F-11D3-BF4B-00C04F79EFBC}") = "ConsoleApp3", "ConsoleApp3\ConsoleApp3.csproj", "{095048AF-D9A4-425B-AD48-C9C2D3AF348D}"
EndProject
Global
	GlobalSection(SolutionConfigurationPlatforms) = preSolution
		Debug|Any CPU = Debug|Any CPU
		Release|Any CPU = Release|Any CPU
	EndGlobalSection
	GlobalSection(ProjectConfigurationPlatforms) = postSolution
		{095048AF-D9A4-425B-AD48-C9C2D3AF348D}.Debug|Any CPU.ActiveCfg = Debug|Any CPU
		{095048AF-D9A4-425B-AD48-C9C2D3AF348D}.Debug|Any CPU.Build.0 = Debug|Any CPU
		{095048AF-D9A4-425B-AD48-C9C2D3AF348D}.Release|Any CPU.ActiveCfg = Release|Any CPU
		{095048AF-D9A4-425B-AD48-C9C2D3AF348D}.Release|Any CPU.Build.0 = Release|Any CPU
	EndGlobalSection
	GlobalSection(SolutionProperties) = preSolution
		HideSolutionNode = FALSE
	EndGlobalSection
	GlobalSection(ExtensibilityGlobals) = postSolution
		SolutionGuid = {F68B1DE7-6BB2-4D91-8B1C-4FD6737146DF}
	EndGlobalSection
EndGlobal
